// !$*UTF8*$!
{
	archiveVersion = 1;
	classes = {
	};
	objectVersion = 51;
	objects = {

/* Begin PBXBuildFile section */
		698F58CF2644CEF3007D8006 /* UIView+addBorder.swift in Sources */ = {isa = PBXBuildFile; fileRef = 698F58CE2644CEF3007D8006 /* UIView+addBorder.swift */; };
		698F58D22644CF50007D8006 /* UIBarButtonItem+hide.swift in Sources */ = {isa = PBXBuildFile; fileRef = 698F58D12644CF50007D8006 /* UIBarButtonItem+hide.swift */; };
		69C480D0263F902A006512B1 /* AppDelegate.swift in Sources */ = {isa = PBXBuildFile; fileRef = 69C480CF263F902A006512B1 /* AppDelegate.swift */; };
		69C480D2263F902A006512B1 /* SceneDelegate.swift in Sources */ = {isa = PBXBuildFile; fileRef = 69C480D1263F902A006512B1 /* SceneDelegate.swift */; };
		69C480D4263F902A006512B1 /* LoginViewController.swift in Sources */ = {isa = PBXBuildFile; fileRef = 69C480D3263F902A006512B1 /* LoginViewController.swift */; };
		69C480D7263F902A006512B1 /* Main.storyboard in Resources */ = {isa = PBXBuildFile; fileRef = 69C480D5263F902A006512B1 /* Main.storyboard */; };
		69C480D9263F902C006512B1 /* Assets.xcassets in Resources */ = {isa = PBXBuildFile; fileRef = 69C480D8263F902C006512B1 /* Assets.xcassets */; };
		69C480DC263F902C006512B1 /* LaunchScreen.storyboard in Resources */ = {isa = PBXBuildFile; fileRef = 69C480DA263F902C006512B1 /* LaunchScreen.storyboard */; };
		69C48141263F966E006512B1 /* GoogleService-Info.plist in Resources */ = {isa = PBXBuildFile; fileRef = 69C48140263F966E006512B1 /* GoogleService-Info.plist */; };
		69C9B9BE2640EB2300B1B0EA /* PersonListViewController.swift in Sources */ = {isa = PBXBuildFile; fileRef = 69C9B9BD2640EB2300B1B0EA /* PersonListViewController.swift */; };
		69C9B9C12640EC6900B1B0EA /* PersonTableViewCell.swift in Sources */ = {isa = PBXBuildFile; fileRef = 69C9B9C02640EC6900B1B0EA /* PersonTableViewCell.swift */; };
		69C9B9E32640F4E800B1B0EA /* PersonDetailViewController.swift in Sources */ = {isa = PBXBuildFile; fileRef = 69C9B9E22640F4E800B1B0EA /* PersonDetailViewController.swift */; };
		69C9B9E62641C30300B1B0EA /* Person.swift in Sources */ = {isa = PBXBuildFile; fileRef = 69C9B9E52641C30300B1B0EA /* Person.swift */; };
		69C9B9ED2641CDCC00B1B0EA /* UIViewController+alert.swift in Sources */ = {isa = PBXBuildFile; fileRef = 69C9B9EC2641CDCC00B1B0EA /* UIViewController+alert.swift */; };
		69C9BA11264484BE00B1B0EA /* People.swift in Sources */ = {isa = PBXBuildFile; fileRef = 69C9BA10264484BE00B1B0EA /* People.swift */; };
		8DFEA09DD19F029CDD62822C /* Pods_SwipeForMe.framework in Frameworks */ = {isa = PBXBuildFile; fileRef = 371F3325830CE670A7C298DB /* Pods_SwipeForMe.framework */; };
/* End PBXBuildFile section */

/* Begin PBXFileReference section */
		371F3325830CE670A7C298DB /* Pods_SwipeForMe.framework */ = {isa = PBXFileReference; explicitFileType = wrapper.framework; includeInIndex = 0; path = Pods_SwipeForMe.framework; sourceTree = BUILT_PRODUCTS_DIR; };
		698F58CE2644CEF3007D8006 /* UIView+addBorder.swift */ = {isa = PBXFileReference; lastKnownFileType = sourcecode.swift; path = "UIView+addBorder.swift"; sourceTree = "<group>"; };
		698F58D12644CF50007D8006 /* UIBarButtonItem+hide.swift */ = {isa = PBXFileReference; lastKnownFileType = sourcecode.swift; path = "UIBarButtonItem+hide.swift"; sourceTree = "<group>"; };
		69C480CC263F902A006512B1 /* SwipeForMe.app */ = {isa = PBXFileReference; explicitFileType = wrapper.application; includeInIndex = 0; path = SwipeForMe.app; sourceTree = BUILT_PRODUCTS_DIR; };
		69C480CF263F902A006512B1 /* AppDelegate.swift */ = {isa = PBXFileReference; lastKnownFileType = sourcecode.swift; path = AppDelegate.swift; sourceTree = "<group>"; };
		69C480D1263F902A006512B1 /* SceneDelegate.swift */ = {isa = PBXFileReference; lastKnownFileType = sourcecode.swift; path = SceneDelegate.swift; sourceTree = "<group>"; };
		69C480D3263F902A006512B1 /* LoginViewController.swift */ = {isa = PBXFileReference; lastKnownFileType = sourcecode.swift; path = LoginViewController.swift; sourceTree = "<group>"; };
		69C480D6263F902A006512B1 /* Base */ = {isa = PBXFileReference; lastKnownFileType = file.storyboard; name = Base; path = Base.lproj/Main.storyboard; sourceTree = "<group>"; };
		69C480D8263F902C006512B1 /* Assets.xcassets */ = {isa = PBXFileReference; lastKnownFileType = folder.assetcatalog; path = Assets.xcassets; sourceTree = "<group>"; };
		69C480DB263F902C006512B1 /* Base */ = {isa = PBXFileReference; lastKnownFileType = file.storyboard; name = Base; path = Base.lproj/LaunchScreen.storyboard; sourceTree = "<group>"; };
		69C480DD263F902C006512B1 /* Info.plist */ = {isa = PBXFileReference; lastKnownFileType = text.plist.xml; path = Info.plist; sourceTree = "<group>"; };
		69C48140263F966E006512B1 /* GoogleService-Info.plist */ = {isa = PBXFileReference; lastKnownFileType = text.plist; path = "GoogleService-Info.plist"; sourceTree = SOURCE_ROOT; };
		69C9B9BD2640EB2300B1B0EA /* PersonListViewController.swift */ = {isa = PBXFileReference; lastKnownFileType = sourcecode.swift; path = PersonListViewController.swift; sourceTree = "<group>"; };
		69C9B9C02640EC6900B1B0EA /* PersonTableViewCell.swift */ = {isa = PBXFileReference; lastKnownFileType = sourcecode.swift; path = PersonTableViewCell.swift; sourceTree = "<group>"; };
		69C9B9E22640F4E800B1B0EA /* PersonDetailViewController.swift */ = {isa = PBXFileReference; lastKnownFileType = sourcecode.swift; path = PersonDetailViewController.swift; sourceTree = "<group>"; };
		69C9B9E52641C30300B1B0EA /* Person.swift */ = {isa = PBXFileReference; lastKnownFileType = sourcecode.swift; path = Person.swift; sourceTree = "<group>"; };
		69C9B9EC2641CDCC00B1B0EA /* UIViewController+alert.swift */ = {isa = PBXFileReference; lastKnownFileType = sourcecode.swift; path = "UIViewController+alert.swift"; sourceTree = "<group>"; };
		69C9BA10264484BE00B1B0EA /* People.swift */ = {isa = PBXFileReference; lastKnownFileType = sourcecode.swift; path = People.swift; sourceTree = "<group>"; };
		724FAA367A268DA0720FFAF4 /* Pods-SwipeForMe.debug.xcconfig */ = {isa = PBXFileReference; includeInIndex = 1; lastKnownFileType = text.xcconfig; name = "Pods-SwipeForMe.debug.xcconfig"; path = "Target Support Files/Pods-SwipeForMe/Pods-SwipeForMe.debug.xcconfig"; sourceTree = "<group>"; };
		F6CAD0DABD6EFC285507B494 /* Pods-SwipeForMe.release.xcconfig */ = {isa = PBXFileReference; includeInIndex = 1; lastKnownFileType = text.xcconfig; name = "Pods-SwipeForMe.release.xcconfig"; path = "Target Support Files/Pods-SwipeForMe/Pods-SwipeForMe.release.xcconfig"; sourceTree = "<group>"; };
/* End PBXFileReference section */

/* Begin PBXFrameworksBuildPhase section */
		69C480C9263F902A006512B1 /* Frameworks */ = {
			isa = PBXFrameworksBuildPhase;
			buildActionMask = 2147483647;
			files = (
				8DFEA09DD19F029CDD62822C /* Pods_SwipeForMe.framework in Frameworks */,
			);
			runOnlyForDeploymentPostprocessing = 0;
		};
/* End PBXFrameworksBuildPhase section */

/* Begin PBXGroup section */
		39332992FA34CD44F9F22439 /* Pods */ = {
			isa = PBXGroup;
			children = (
				724FAA367A268DA0720FFAF4 /* Pods-SwipeForMe.debug.xcconfig */,
				F6CAD0DABD6EFC285507B494 /* Pods-SwipeForMe.release.xcconfig */,
			);
			path = Pods;
			sourceTree = "<group>";
		};
		69C480C3263F902A006512B1 = {
			isa = PBXGroup;
			children = (
				69C480CE263F902A006512B1 /* SwipeForMe */,
				69C480CD263F902A006512B1 /* Products */,
				39332992FA34CD44F9F22439 /* Pods */,
				9DF808ABA7394C8907321D07 /* Frameworks */,
			);
			sourceTree = "<group>";
		};
		69C480CD263F902A006512B1 /* Products */ = {
			isa = PBXGroup;
			children = (
				69C480CC263F902A006512B1 /* SwipeForMe.app */,
			);
			name = Products;
			sourceTree = "<group>";
		};
		69C480CE263F902A006512B1 /* SwipeForMe */ = {
			isa = PBXGroup;
			children = (
				69C480CF263F902A006512B1 /* AppDelegate.swift */,
				69C480D1263F902A006512B1 /* SceneDelegate.swift */,
				69C9B9E52641C30300B1B0EA /* Person.swift */,
				69C9BA10264484BE00B1B0EA /* People.swift */,
				69C480D3263F902A006512B1 /* LoginViewController.swift */,
				69C9B9BD2640EB2300B1B0EA /* PersonListViewController.swift */,
				69C9B9C02640EC6900B1B0EA /* PersonTableViewCell.swift */,
				69C9B9E22640F4E800B1B0EA /* PersonDetailViewController.swift */,
				69C9B9EC2641CDCC00B1B0EA /* UIViewController+alert.swift */,
				698F58CE2644CEF3007D8006 /* UIView+addBorder.swift */,
				698F58D12644CF50007D8006 /* UIBarButtonItem+hide.swift */,
				69C480D5263F902A006512B1 /* Main.storyboard */,
				69C480D8263F902C006512B1 /* Assets.xcassets */,
				69C480DA263F902C006512B1 /* LaunchScreen.storyboard */,
				69C480DD263F902C006512B1 /* Info.plist */,
				69C48140263F966E006512B1 /* GoogleService-Info.plist */,
			);
			path = SwipeForMe;
			sourceTree = "<group>";
		};
		9DF808ABA7394C8907321D07 /* Frameworks */ = {
			isa = PBXGroup;
			children = (
				371F3325830CE670A7C298DB /* Pods_SwipeForMe.framework */,
			);
			name = Frameworks;
			sourceTree = "<group>";
		};
/* End PBXGroup section */

/* Begin PBXNativeTarget section */
		69C480CB263F902A006512B1 /* SwipeForMe */ = {
			isa = PBXNativeTarget;
			buildConfigurationList = 69C480E0263F902C006512B1 /* Build configuration list for PBXNativeTarget "SwipeForMe" */;
			buildPhases = (
				FD6FA576584FDAB5A39EAC06 /* [CP] Check Pods Manifest.lock */,
				69C480C8263F902A006512B1 /* Sources */,
				69C480C9263F902A006512B1 /* Frameworks */,
				69C480CA263F902A006512B1 /* Resources */,
				E8E98654121F3E094EF466EC /* [CP] Embed Pods Frameworks */,
				7E193CA007C7DC68348813D6 /* [CP] Copy Pods Resources */,
			);
			buildRules = (
			);
			dependencies = (
			);
			name = SwipeForMe;
			productName = SwipeForMe;
			productReference = 69C480CC263F902A006512B1 /* SwipeForMe.app */;
			productType = "com.apple.product-type.application";
		};
/* End PBXNativeTarget section */

/* Begin PBXProject section */
		69C480C4263F902A006512B1 /* Project object */ = {
			isa = PBXProject;
			attributes = {
				LastSwiftUpdateCheck = 1240;
				LastUpgradeCheck = 1240;
				TargetAttributes = {
					69C480CB263F902A006512B1 = {
						CreatedOnToolsVersion = 12.4;
					};
				};
			};
			buildConfigurationList = 69C480C7263F902A006512B1 /* Build configuration list for PBXProject "SwipeForMe" */;
			compatibilityVersion = "Xcode 9.3";
			developmentRegion = en;
			hasScannedForEncodings = 0;
			knownRegions = (
				en,
				Base,
			);
			mainGroup = 69C480C3263F902A006512B1;
			productRefGroup = 69C480CD263F902A006512B1 /* Products */;
			projectDirPath = "";
			projectRoot = "";
			targets = (
				69C480CB263F902A006512B1 /* SwipeForMe */,
			);
		};
/* End PBXProject section */

/* Begin PBXResourcesBuildPhase section */
		69C480CA263F902A006512B1 /* Resources */ = {
			isa = PBXResourcesBuildPhase;
			buildActionMask = 2147483647;
			files = (
				69C480DC263F902C006512B1 /* LaunchScreen.storyboard in Resources */,
				69C48141263F966E006512B1 /* GoogleService-Info.plist in Resources */,
				69C480D9263F902C006512B1 /* Assets.xcassets in Resources */,
				69C480D7263F902A006512B1 /* Main.storyboard in Resources */,
			);
			runOnlyForDeploymentPostprocessing = 0;
		};
/* End PBXResourcesBuildPhase section */

/* Begin PBXShellScriptBuildPhase section */
		7E193CA007C7DC68348813D6 /* [CP] Copy Pods Resources */ = {
			isa = PBXShellScriptBuildPhase;
			buildActionMask = 2147483647;
			files = (
			);
			inputFileListPaths = (
				"${PODS_ROOT}/Target Support Files/Pods-SwipeForMe/Pods-SwipeForMe-resources-${CONFIGURATION}-input-files.xcfilelist",
			);
			name = "[CP] Copy Pods Resources";
			outputFileListPaths = (
				"${PODS_ROOT}/Target Support Files/Pods-SwipeForMe/Pods-SwipeForMe-resources-${CONFIGURATION}-output-files.xcfilelist",
			);
			runOnlyForDeploymentPostprocessing = 0;
			shellPath = /bin/sh;
			shellScript = "\"${PODS_ROOT}/Target Support Files/Pods-SwipeForMe/Pods-SwipeForMe-resources.sh\"\n";
			showEnvVarsInLog = 0;
		};
		E8E98654121F3E094EF466EC /* [CP] Embed Pods Frameworks */ = {
			isa = PBXShellScriptBuildPhase;
			buildActionMask = 2147483647;
			files = (
			);
			inputFileListPaths = (
				"${PODS_ROOT}/Target Support Files/Pods-SwipeForMe/Pods-SwipeForMe-frameworks-${CONFIGURATION}-input-files.xcfilelist",
			);
			name = "[CP] Embed Pods Frameworks";
			outputFileListPaths = (
				"${PODS_ROOT}/Target Support Files/Pods-SwipeForMe/Pods-SwipeForMe-frameworks-${CONFIGURATION}-output-files.xcfilelist",
			);
			runOnlyForDeploymentPostprocessing = 0;
			shellPath = /bin/sh;
			shellScript = "\"${PODS_ROOT}/Target Support Files/Pods-SwipeForMe/Pods-SwipeForMe-frameworks.sh\"\n";
			showEnvVarsInLog = 0;
		};
		FD6FA576584FDAB5A39EAC06 /* [CP] Check Pods Manifest.lock */ = {
			isa = PBXShellScriptBuildPhase;
			buildActionMask = 2147483647;
			files = (
			);
			inputFileListPaths = (
			);
			inputPaths = (
				"${PODS_PODFILE_DIR_PATH}/Podfile.lock",
				"${PODS_ROOT}/Manifest.lock",
			);
			name = "[CP] Check Pods Manifest.lock";
			outputFileListPaths = (
			);
			outputPaths = (
				"$(DERIVED_FILE_DIR)/Pods-SwipeForMe-checkManifestLockResult.txt",
			);
			runOnlyForDeploymentPostprocessing = 0;
			shellPath = /bin/sh;
			shellScript = "diff \"${PODS_PODFILE_DIR_PATH}/Podfile.lock\" \"${PODS_ROOT}/Manifest.lock\" > /dev/null\nif [ $? != 0 ] ; then\n    # print error to STDERR\n    echo \"error: The sandbox is not in sync with the Podfile.lock. Run 'pod install' or update your CocoaPods installation.\" >&2\n    exit 1\nfi\n# This output is used by Xcode 'outputs' to avoid re-running this script phase.\necho \"SUCCESS\" > \"${SCRIPT_OUTPUT_FILE_0}\"\n";
			showEnvVarsInLog = 0;
		};
/* End PBXShellScriptBuildPhase section */

/* Begin PBXSourcesBuildPhase section */
		69C480C8263F902A006512B1 /* Sources */ = {
			isa = PBXSourcesBuildPhase;
			buildActionMask = 2147483647;
			files = (
				69C480D4263F902A006512B1 /* LoginViewController.swift in Sources */,
				698F58D22644CF50007D8006 /* UIBarButtonItem+hide.swift in Sources */,
				69C9B9BE2640EB2300B1B0EA /* PersonListViewController.swift in Sources */,
				69C9B9E32640F4E800B1B0EA /* PersonDetailViewController.swift in Sources */,
				69C480D0263F902A006512B1 /* AppDelegate.swift in Sources */,
				698F58CF2644CEF3007D8006 /* UIView+addBorder.swift in Sources */,
				69C9BA11264484BE00B1B0EA /* People.swift in Sources */,
				69C9B9E62641C30300B1B0EA /* Person.swift in Sources */,
				69C9B9C12640EC6900B1B0EA /* PersonTableViewCell.swift in Sources */,
				69C480D2263F902A006512B1 /* SceneDelegate.swift in Sources */,
				69C9B9ED2641CDCC00B1B0EA /* UIViewController+alert.swift in Sources */,
			);
			runOnlyForDeploymentPostprocessing = 0;
		};
/* End PBXSourcesBuildPhase section */

/* Begin PBXVariantGroup section */
		69C480D5263F902A006512B1 /* Main.storyboard */ = {
			isa = PBXVariantGroup;
			children = (
				69C480D6263F902A006512B1 /* Base */,
			);
			name = Main.storyboard;
			sourceTree = "<group>";
		};
		69C480DA263F902C006512B1 /* LaunchScreen.storyboard */ = {
			isa = PBXVariantGroup;
			children = (
				69C480DB263F902C006512B1 /* Base */,
			);
			name = LaunchScreen.storyboard;
			sourceTree = "<group>";
		};
/* End PBXVariantGroup section */

/* Begin XCBuildConfiguration section */
		69C480DE263F902C006512B1 /* Debug */ = {
			isa = XCBuildConfiguration;
			buildSettings = {
				ALWAYS_SEARCH_USER_PATHS = NO;
				CLANG_ANALYZER_NONNULL = YES;
				CLANG_ANALYZER_NUMBER_OBJECT_CONVERSION = YES_AGGRESSIVE;
				CLANG_CXX_LANGUAGE_STANDARD = "gnu++14";
				CLANG_CXX_LIBRARY = "libc++";
				CLANG_ENABLE_MODULES = YES;
				CLANG_ENABLE_OBJC_ARC = YES;
				CLANG_ENABLE_OBJC_WEAK = YES;
				CLANG_WARN_BLOCK_CAPTURE_AUTORELEASING = YES;
				CLANG_WARN_BOOL_CONVERSION = YES;
				CLANG_WARN_COMMA = YES;
				CLANG_WARN_CONSTANT_CONVERSION = YES;
				CLANG_WARN_DEPRECATED_OBJC_IMPLEMENTATIONS = YES;
				CLANG_WARN_DIRECT_OBJC_ISA_USAGE = YES_ERROR;
				CLANG_WARN_DOCUMENTATION_COMMENTS = YES;
				CLANG_WARN_EMPTY_BODY = YES;
				CLANG_WARN_ENUM_CONVERSION = YES;
				CLANG_WARN_INFINITE_RECURSION = YES;
				CLANG_WARN_INT_CONVERSION = YES;
				CLANG_WARN_NON_LITERAL_NULL_CONVERSION = YES;
				CLANG_WARN_OBJC_IMPLICIT_RETAIN_SELF = YES;
				CLANG_WARN_OBJC_LITERAL_CONVERSION = YES;
				CLANG_WARN_OBJC_ROOT_CLASS = YES_ERROR;
				CLANG_WARN_QUOTED_INCLUDE_IN_FRAMEWORK_HEADER = YES;
				CLANG_WARN_RANGE_LOOP_ANALYSIS = YES;
				CLANG_WARN_STRICT_PROTOTYPES = YES;
				CLANG_WARN_SUSPICIOUS_MOVE = YES;
				CLANG_WARN_UNGUARDED_AVAILABILITY = YES_AGGRESSIVE;
				CLANG_WARN_UNREACHABLE_CODE = YES;
				CLANG_WARN__DUPLICATE_METHOD_MATCH = YES;
				COPY_PHASE_STRIP = NO;
				DEBUG_INFORMATION_FORMAT = dwarf;
				ENABLE_STRICT_OBJC_MSGSEND = YES;
				ENABLE_TESTABILITY = YES;
				GCC_C_LANGUAGE_STANDARD = gnu11;
				GCC_DYNAMIC_NO_PIC = NO;
				GCC_NO_COMMON_BLOCKS = YES;
				GCC_OPTIMIZATION_LEVEL = 0;
				GCC_PREPROCESSOR_DEFINITIONS = (
					"DEBUG=1",
					"$(inherited)",
				);
				GCC_WARN_64_TO_32_BIT_CONVERSION = YES;
				GCC_WARN_ABOUT_RETURN_TYPE = YES_ERROR;
				GCC_WARN_UNDECLARED_SELECTOR = YES;
				GCC_WARN_UNINITIALIZED_AUTOS = YES_AGGRESSIVE;
				GCC_WARN_UNUSED_FUNCTION = YES;
				GCC_WARN_UNUSED_VARIABLE = YES;
				IPHONEOS_DEPLOYMENT_TARGET = 14.4;
				MTL_ENABLE_DEBUG_INFO = INCLUDE_SOURCE;
				MTL_FAST_MATH = YES;
				ONLY_ACTIVE_ARCH = YES;
				SDKROOT = iphoneos;
				SWIFT_ACTIVE_COMPILATION_CONDITIONS = DEBUG;
				SWIFT_OPTIMIZATION_LEVEL = "-Onone";
			};
			name = Debug;
		};
		69C480DF263F902C006512B1 /* Release */ = {
			isa = XCBuildConfiguration;
			buildSettings = {
				ALWAYS_SEARCH_USER_PATHS = NO;
				CLANG_ANALYZER_NONNULL = YES;
				CLANG_ANALYZER_NUMBER_OBJECT_CONVERSION = YES_AGGRESSIVE;
				CLANG_CXX_LANGUAGE_STANDARD = "gnu++14";
				CLANG_CXX_LIBRARY = "libc++";
				CLANG_ENABLE_MODULES = YES;
				CLANG_ENABLE_OBJC_ARC = YES;
				CLANG_ENABLE_OBJC_WEAK = YES;
				CLANG_WARN_BLOCK_CAPTURE_AUTORELEASING = YES;
				CLANG_WARN_BOOL_CONVERSION = YES;
				CLANG_WARN_COMMA = YES;
				CLANG_WARN_CONSTANT_CONVERSION = YES;
				CLANG_WARN_DEPRECATED_OBJC_IMPLEMENTATIONS = YES;
				CLANG_WARN_DIRECT_OBJC_ISA_USAGE = YES_ERROR;
				CLANG_WARN_DOCUMENTATION_COMMENTS = YES;
				CLANG_WARN_EMPTY_BODY = YES;
				CLANG_WARN_ENUM_CONVERSION = YES;
				CLANG_WARN_INFINITE_RECURSION = YES;
				CLANG_WARN_INT_CONVERSION = YES;
				CLANG_WARN_NON_LITERAL_NULL_CONVERSION = YES;
				CLANG_WARN_OBJC_IMPLICIT_RETAIN_SELF = YES;
				CLANG_WARN_OBJC_LITERAL_CONVERSION = YES;
				CLANG_WARN_OBJC_ROOT_CLASS = YES_ERROR;
				CLANG_WARN_QUOTED_INCLUDE_IN_FRAMEWORK_HEADER = YES;
				CLANG_WARN_RANGE_LOOP_ANALYSIS = YES;
				CLANG_WARN_STRICT_PROTOTYPES = YES;
				CLANG_WARN_SUSPICIOUS_MOVE = YES;
				CLANG_WARN_UNGUARDED_AVAILABILITY = YES_AGGRESSIVE;
				CLANG_WARN_UNREACHABLE_CODE = YES;
				CLANG_WARN__DUPLICATE_METHOD_MATCH = YES;
				COPY_PHASE_STRIP = NO;
				DEBUG_INFORMATION_FORMAT = "dwarf-with-dsym";
				ENABLE_NS_ASSERTIONS = NO;
				ENABLE_STRICT_OBJC_MSGSEND = YES;
				GCC_C_LANGUAGE_STANDARD = gnu11;
				GCC_NO_COMMON_BLOCKS = YES;
				GCC_WARN_64_TO_32_BIT_CONVERSION = YES;
				GCC_WARN_ABOUT_RETURN_TYPE = YES_ERROR;
				GCC_WARN_UNDECLARED_SELECTOR = YES;
				GCC_WARN_UNINITIALIZED_AUTOS = YES_AGGRESSIVE;
				GCC_WARN_UNUSED_FUNCTION = YES;
				GCC_WARN_UNUSED_VARIABLE = YES;
				IPHONEOS_DEPLOYMENT_TARGET = 14.4;
				MTL_ENABLE_DEBUG_INFO = NO;
				MTL_FAST_MATH = YES;
				SDKROOT = iphoneos;
				SWIFT_COMPILATION_MODE = wholemodule;
				SWIFT_OPTIMIZATION_LEVEL = "-O";
				VALIDATE_PRODUCT = YES;
			};
			name = Release;
		};
		69C480E1263F902C006512B1 /* Debug */ = {
			isa = XCBuildConfiguration;
			baseConfigurationReference = 724FAA367A268DA0720FFAF4 /* Pods-SwipeForMe.debug.xcconfig */;
			buildSettings = {
				ASSETCATALOG_COMPILER_APPICON_NAME = AppIcon;
				ASSETCATALOG_COMPILER_GLOBAL_ACCENT_COLOR_NAME = AccentColor;
				CODE_SIGN_STYLE = Automatic;
				DEVELOPMENT_TEAM = 8939YSFN5V;
				INFOPLIST_FILE = SwipeForMe/Info.plist;
				IPHONEOS_DEPLOYMENT_TARGET = 12.1;
				LD_RUNPATH_SEARCH_PATHS = (
					"$(inherited)",
					"@executable_path/Frameworks",
				);
				PRODUCT_BUNDLE_IDENTIFIER = com.Jung.SwipeForMe;
				PRODUCT_NAME = "$(TARGET_NAME)";
				SWIFT_VERSION = 5.0;
				TARGETED_DEVICE_FAMILY = "1,2";
			};
			name = Debug;
		};
		69C480E2263F902C006512B1 /* Release */ = {
			isa = XCBuildConfiguration;
			baseConfigurationReference = F6CAD0DABD6EFC285507B494 /* Pods-SwipeForMe.release.xcconfig */;
			buildSettings = {
				ASSETCATALOG_COMPILER_APPICON_NAME = AppIcon;
				ASSETCATALOG_COMPILER_GLOBAL_ACCENT_COLOR_NAME = AccentColor;
				CODE_SIGN_STYLE = Automatic;
				DEVELOPMENT_TEAM = 8939YSFN5V;
				INFOPLIST_FILE = SwipeForMe/Info.plist;
				IPHONEOS_DEPLOYMENT_TARGET = 12.1;
				LD_RUNPATH_SEARCH_PATHS = (
					"$(inherited)",
					"@executable_path/Frameworks",
				);
				PRODUCT_BUNDLE_IDENTIFIER = com.Jung.SwipeForMe;
				PRODUCT_NAME = "$(TARGET_NAME)";
				SWIFT_VERSION = 5.0;
				TARGETED_DEVICE_FAMILY = "1,2";
			};
			name = Release;
		};
/* End XCBuildConfiguration section */

/* Begin XCConfigurationList section */
		69C480C7263F902A006512B1 /* Build configuration list for PBXProject "SwipeForMe" */ = {
			isa = XCConfigurationList;
			buildConfigurations = (
				69C480DE263F902C006512B1 /* Debug */,
				69C480DF263F902C006512B1 /* Release */,
			);
			defaultConfigurationIsVisible = 0;
			defaultConfigurationName = Release;
		};
		69C480E0263F902C006512B1 /* Build configuration list for PBXNativeTarget "SwipeForMe" */ = {
			isa = XCConfigurationList;
			buildConfigurations = (
				69C480E1263F902C006512B1 /* Debug */,
				69C480E2263F902C006512B1 /* Release */,
			);
			defaultConfigurationIsVisible = 0;
			defaultConfigurationName = Release;
		};
/* End XCConfigurationList section */
	};
	rootObject = 69C480C4263F902A006512B1 /* Project object */;
}
